
Microsoft Visual Studio Solution File, Format Version 12.00
# Visual Studio Version 16
VisualStudioVersion = 16.0.31205.134
MinimumVisualStudioVersion = 10.0.40219.1
Project("{FAE04EC0-301F-11D3-BF4B-00C04F79EFBC}") = "XamaTime.UWP", "XamaTime\XamaTime.UWP\XamaTime.UWP.csproj", "{DEAE3FD7-B203-46A6-A2AD-1F6D0B2B17CE}"
EndProject
Project("{FAE04EC0-301F-11D3-BF4B-00C04F79EFBC}") = "XamaTime.Android", "XamaTime\XamaTime.Android\XamaTime.Android.csproj", "{488C81D7-185A-4D4B-9D97-CA5BBCA1966E}"
EndProject
Project("{FAE04EC0-301F-11D3-BF4B-00C04F79EFBC}") = "XamaTime.iOS", "XamaTime\XamaTime.iOS\XamaTime.iOS.csproj", "{874293F3-3954-472D-B09B-5B8BC3ECDF54}"
EndProject
Project("{FAE04EC0-301F-11D3-BF4B-00C04F79EFBC}") = "XamaTime", "XamaTime\XamaTime\XamaTime.csproj", "{9D40F5D2-24F6-4AB4-99D7-03A232F5CBCC}"
EndProject
Global
	GlobalSection(SolutionConfigurationPlatforms) = preSolution
		Debug|Any CPU = Debug|Any CPU
		Debug|ARM = Debug|ARM
		Debug|iPhone = Debug|iPhone
		Debug|iPhoneSimulator = Debug|iPhoneSimulator
		Debug|x64 = Debug|x64
		Debug|x86 = Debug|x86
		Release|Any CPU = Release|Any CPU
		Release|ARM = Release|ARM
		Release|iPhone = Release|iPhone
		Release|iPhoneSimulator = Release|iPhoneSimulator
		Release|x64 = Release|x64
		Release|x86 = Release|x86
	EndGlobalSection
	GlobalSection(ProjectConfigurationPlatforms) = postSolution
		{DEAE3FD7-B203-46A6-A2AD-1F6D0B2B17CE}.Debug|Any CPU.ActiveCfg = Debug|x86
		{DEAE3FD7-B203-46A6-A2AD-1F6D0B2B17CE}.Debug|Any CPU.Build.0 = Debug|x86
		{DEAE3FD7-B203-46A6-A2AD-1F6D0B2B17CE}.Debug|Any CPU.Deploy.0 = Debug|x86
		{DEAE3FD7-B203-46A6-A2AD-1F6D0B2B17CE}.Debug|ARM.ActiveCfg = Debug|ARM
		{DEAE3FD7-B203-46A6-A2AD-1F6D0B2B17CE}.Debug|ARM.Build.0 = Debug|ARM
		{DEAE3FD7-B203-46A6-A2AD-1F6D0B2B17CE}.Debug|ARM.Deploy.0 = Debug|ARM
		{DEAE3FD7-B203-46A6-A2AD-1F6D0B2B17CE}.Debug|iPhone.ActiveCfg = Debug|x86
		{DEAE3FD7-B203-46A6-A2AD-1F6D0B2B17CE}.Debug|iPhone.Build.0 = Debug|x86
		{DEAE3FD7-B203-46A6-A2AD-1F6D0B2B17CE}.Debug|iPhone.Deploy.0 = Debug|x86
		{DEAE3FD7-B203-46A6-A2AD-1F6D0B2B17CE}.Debug|iPhoneSimulator.ActiveCfg = Debug|x86
		{DEAE3FD7-B203-46A6-A2AD-1F6D0B2B17CE}.Debug|iPhoneSimulator.Build.0 = Debug|x86
		{DEAE3FD7-B203-46A6-A2AD-1F6D0B2B17CE}.Debug|iPhoneSimulator.Deploy.0 = Debug|x86
		{DEAE3FD7-B203-46A6-A2AD-1F6D0B2B17CE}.Debug|x64.ActiveCfg = Debug|x64
		{DEAE3FD7-B203-46A6-A2AD-1F6D0B2B17CE}.Debug|x64.Build.0 = Debug|x64
		{DEAE3FD7-B203-46A6-A2AD-1F6D0B2B17CE}.Debug|x64.Deploy.0 = Debug|x64
		{DEAE3FD7-B203-46A6-A2AD-1F6D0B2B17CE}.Debug|x86.ActiveCfg = Debug|x86
		{DEAE3FD7-B203-46A6-A2AD-1F6D0B2B17CE}.Debug|x86.Build.0 = Debug|x86
		{DEAE3FD7-B203-46A6-A2AD-1F6D0B2B17CE}.Debug|x86.Deploy.0 = Debug|x86
		{DEAE3FD7-B203-46A6-A2AD-1F6D0B2B17CE}.Release|Any CPU.ActiveCfg = Release|x86
		{DEAE3FD7-B203-46A6-A2AD-1F6D0B2B17CE}.Release|Any CPU.Build.0 = Release|x86
		{DEAE3FD7-B203-46A6-A2AD-1F6D0B2B17CE}.Release|Any CPU.Deploy.0 = Release|x86
		{DEAE3FD7-B203-46A6-A2AD-1F6D0B2B17CE}.Release|ARM.ActiveCfg = Release|ARM
		{DEAE3FD7-B203-46A6-A2AD-1F6D0B2B17CE}.Release|ARM.Build.0 = Release|ARM
		{DEAE3FD7-B203-46A6-A2AD-1F6D0B2B17CE}.Release|ARM.Deploy.0 = Release|ARM
		{DEAE3FD7-B203-46A6-A2AD-1F6D0B2B17CE}.Release|iPhone.ActiveCfg = Release|x86
		{DEAE3FD7-B203-46A6-A2AD-1F6D0B2B17CE}.Release|iPhone.Build.0 = Release|x86
		{DEAE3FD7-B203-46A6-A2AD-1F6D0B2B17CE}.Release|iPhone.Deploy.0 = Release|x86
		{DEAE3FD7-B203-46A6-A2AD-1F6D0B2B17CE}.Release|iPhoneSimulator.ActiveCfg = Release|x86
		{DEAE3FD7-B203-46A6-A2AD-1F6D0B2B17CE}.Release|iPhoneSimulator.Build.0 = Release|x86
		{DEAE3FD7-B203-46A6-A2AD-1F6D0B2B17CE}.Release|iPhoneSimulator.Deploy.0 = Release|x86
		{DEAE3FD7-B203-46A6-A2AD-1F6D0B2B17CE}.Release|x64.ActiveCfg = Release|x64
		{DEAE3FD7-B203-46A6-A2AD-1F6D0B2B17CE}.Release|x64.Build.0 = Release|x64
		{DEAE3FD7-B203-46A6-A2AD-1F6D0B2B17CE}.Release|x64.Deploy.0 = Release|x64
		{DEAE3FD7-B203-46A6-A2AD-1F6D0B2B17CE}.Release|x86.ActiveCfg = Release|x86
		{DEAE3FD7-B203-46A6-A2AD-1F6D0B2B17CE}.Release|x86.Build.0 = Release|x86
		{DEAE3FD7-B203-46A6-A2AD-1F6D0B2B17CE}.Release|x86.Deploy.0 = Release|x86
		{488C81D7-185A-4D4B-9D97-CA5BBCA1966E}.Debug|Any CPU.ActiveCfg = Debug|Any CPU
		{488C81D7-185A-4D4B-9D97-CA5BBCA1966E}.Debug|Any CPU.Build.0 = Debug|Any CPU
		{488C81D7-185A-4D4B-9D97-CA5BBCA1966E}.Debug|Any CPU.Deploy.0 = Debug|Any CPU
		{488C81D7-185A-4D4B-9D97-CA5BBCA1966E}.Debug|ARM.ActiveCfg = Debug|Any CPU
		{488C81D7-185A-4D4B-9D97-CA5BBCA1966E}.Debug|ARM.Build.0 = Debug|Any CPU
		{488C81D7-185A-4D4B-9D97-CA5BBCA1966E}.Debug|ARM.Deploy.0 = Debug|Any CPU
		{488C81D7-185A-4D4B-9D97-CA5BBCA1966E}.Debug|iPhone.ActiveCfg = Debug|Any CPU
		{488C81D7-185A-4D4B-9D97-CA5BBCA1966E}.Debug|iPhone.Build.0 = Debug|Any CPU
		{488C81D7-185A-4D4B-9D97-CA5BBCA1966E}.Debug|iPhone.Deploy.0 = Debug|Any CPU
		{488C81D7-185A-4D4B-9D97-CA5BBCA1966E}.Debug|iPhoneSimulator.ActiveCfg = Debug|Any CPU
		{488C81D7-185A-4D4B-9D97-CA5BBCA1966E}.Debug|iPhoneSimulator.Build.0 = Debug|Any CPU
		{488C81D7-185A-4D4B-9D97-CA5BBCA1966E}.Debug|iPhoneSimulator.Deploy.0 = Debug|Any CPU
		{488C81D7-185A-4D4B-9D97-CA5BBCA1966E}.Debug|x64.ActiveCfg = Debug|Any CPU
		{488C81D7-185A-4D4B-9D97-CA5BBCA1966E}.Debug|x64.Build.0 = Debug|Any CPU
		{488C81D7-185A-4D4B-9D97-CA5BBCA1966E}.Debug|x64.Deploy.0 = Debug|Any CPU
		{488C81D7-185A-4D4B-9D97-CA5BBCA1966E}.Debug|x86.ActiveCfg = Debug|Any CPU
		{488C81D7-185A-4D4B-9D97-CA5BBCA1966E}.Debug|x86.Build.0 = Debug|Any CPU
		{488C81D7-185A-4D4B-9D97-CA5BBCA1966E}.Debug|x86.Deploy.0 = Debug|Any CPU
		{488C81D7-185A-4D4B-9D97-CA5BBCA1966E}.Release|Any CPU.ActiveCfg = Release|Any CPU
		{488C81D7-185A-4D4B-9D97-CA5BBCA1966E}.Release|Any CPU.Build.0 = Release|Any CPU
		{488C81D7-185A-4D4B-9D97-CA5BBCA1966E}.Release|Any CPU.Deploy.0 = Release|Any CPU
		{488C81D7-185A-4D4B-9D97-CA5BBCA1966E}.Release|ARM.ActiveCfg = Release|Any CPU
		{488C81D7-185A-4D4B-9D97-CA5BBCA1966E}.Release|ARM.Build.0 = Release|Any CPU
		{488C81D7-185A-4D4B-9D97-CA5BBCA1966E}.Release|ARM.Deploy.0 = Release|Any CPU
		{488C81D7-185A-4D4B-9D97-CA5BBCA1966E}.Release|iPhone.ActiveCfg = Release|Any CPU
		{488C81D7-185A-4D4B-9D97-CA5BBCA1966E}.Release|iPhone.Build.0 = Release|Any CPU
		{488C81D7-185A-4D4B-9D97-CA5BBCA1966E}.Release|iPhone.Deploy.0 = Release|Any CPU
		{488C81D7-185A-4D4B-9D97-CA5BBCA1966E}.Release|iPhoneSimulator.ActiveCfg = Release|Any CPU
		{488C81D7-185A-4D4B-9D97-CA5BBCA1966E}.Release|iPhoneSimulator.Build.0 = Release|Any CPU
		{488C81D7-185A-4D4B-9D97-CA5BBCA1966E}.Release|iPhoneSimulator.Deploy.0 = Release|Any CPU
		{488C81D7-185A-4D4B-9D97-CA5BBCA1966E}.Release|x64.ActiveCfg = Release|Any CPU
		{488C81D7-185A-4D4B-9D97-CA5BBCA1966E}.Release|x64.Build.0 = Release|Any CPU
		{488C81D7-185A-4D4B-9D97-CA5BBCA1966E}.Release|x64.Deploy.0 = Release|Any CPU
		{488C81D7-185A-4D4B-9D97-CA5BBCA1966E}.Release|x86.ActiveCfg = Release|Any CPU
		{488C81D7-185A-4D4B-9D97-CA5BBCA1966E}.Release|x86.Build.0 = Release|Any CPU
		{488C81D7-185A-4D4B-9D97-CA5BBCA1966E}.Release|x86.Deploy.0 = Release|Any CPU
		{874293F3-3954-472D-B09B-5B8BC3ECDF54}.Debug|Any CPU.ActiveCfg = Debug|iPhoneSimulator
		{874293F3-3954-472D-B09B-5B8BC3ECDF54}.Debug|Any CPU.Build.0 = Debug|iPhoneSimulator
		{874293F3-3954-472D-B09B-5B8BC3ECDF54}.Debug|Any CPU.Deploy.0 = Debug|iPhoneSimulator
		{874293F3-3954-472D-B09B-5B8BC3ECDF54}.Debug|ARM.ActiveCfg = Debug|iPhone
		{874293F3-3954-472D-B09B-5B8BC3ECDF54}.Debug|ARM.Build.0 = Debug|iPhone
		{874293F3-3954-472D-B09B-5B8BC3ECDF54}.Debug|ARM.Deploy.0 = Debug|iPhone
		{874293F3-3954-472D-B09B-5B8BC3ECDF54}.Debug|iPhone.ActiveCfg = Debug|iPhone
		{874293F3-3954-472D-B09B-5B8BC3ECDF54}.Debug|iPhone.Build.0 = Debug|iPhone
		{874293F3-3954-472D-B09B-5B8BC3ECDF54}.Debug|iPhone.Deploy.0 = Debug|iPhone
		{874293F3-3954-472D-B09B-5B8BC3ECDF54}.Debug|iPhoneSimulator.ActiveCfg = Debug|iPhoneSimulator
		{874293F3-3954-472D-B09B-5B8BC3ECDF54}.Debug|iPhoneSimulator.Build.0 = Debug|iPhoneSimulator
		{874293F3-3954-472D-B09B-5B8BC3ECDF54}.Debug|iPhoneSimulator.Deploy.0 = Debug|iPhoneSimulator
		{874293F3-3954-472D-B09B-5B8BC3ECDF54}.Debug|x64.ActiveCfg = Debug|iPhoneSimulator
		{874293F3-3954-472D-B09B-5B8BC3ECDF54}.Debug|x64.Build.0 = Debug|iPhoneSimulator
		{874293F3-3954-472D-B09B-5B8BC3ECDF54}.Debug|x64.Deploy.0 = Debug|iPhoneSimulator
		{874293F3-3954-472D-B09B-5B8BC3ECDF54}.Debug|x86.ActiveCfg = Debug|iPhoneSimulator
		{874293F3-3954-472D-B09B-5B8BC3ECDF54}.Debug|x86.Build.0 = Debug|iPhoneSimulator
		{874293F3-3954-472D-B09B-5B8BC3ECDF54}.Debug|x86.Deploy.0 = Debug|iPhoneSimulator
		{874293F3-3954-472D-B09B-5B8BC3ECDF54}.Release|Any CPU.ActiveCfg = Release|iPhoneSimulator
		{874293F3-3954-472D-B09B-5B8BC3ECDF54}.Release|Any CPU.Build.0 = Release|iPhoneSimulator
		{874293F3-3954-472D-B09B-5B8BC3ECDF54}.Release|Any CPU.Deploy.0 = Release|iPhoneSimulator
		{874293F3-3954-472D-B09B-5B8BC3ECDF54}.Release|ARM.ActiveCfg = Release|iPhoneSimulator
		{874293F3-3954-472D-B09B-5B8BC3ECDF54}.Release|ARM.Build.0 = Release|iPhoneSimulator
		{874293F3-3954-472D-B09B-5B8BC3ECDF54}.Release|ARM.Deploy.0 = Release|iPhoneSimulator
		{874293F3-3954-472D-B09B-5B8BC3ECDF54}.Release|iPhone.ActiveCfg = Release|iPhone
		{874293F3-3954-472D-B09B-5B8BC3ECDF54}.Release|iPhone.Build.0 = Release|iPhone
		{874293F3-3954-472D-B09B-5B8BC3ECDF54}.Release|iPhone.Deploy.0 = Release|iPhone
		{874293F3-3954-472D-B09B-5B8BC3ECDF54}.Release|iPhoneSimulator.ActiveCfg = Release|iPhoneSimulator
		{874293F3-3954-472D-B09B-5B8BC3ECDF54}.Release|iPhoneSimulator.Build.0 = Release|iPhoneSimulator
		{874293F3-3954-472D-B09B-5B8BC3ECDF54}.Release|iPhoneSimulator.Deploy.0 = Release|iPhoneSimulator
		{874293F3-3954-472D-B09B-5B8BC3ECDF54}.Release|x64.ActiveCfg = Release|iPhoneSimulator
		{874293F3-3954-472D-B09B-5B8BC3ECDF54}.Release|x64.Build.0 = Release|iPhoneSimulator
		{874293F3-3954-472D-B09B-5B8BC3ECDF54}.Release|x64.Deploy.0 = Release|iPhoneSimulator
		{874293F3-3954-472D-B09B-5B8BC3ECDF54}.Release|x86.ActiveCfg = Release|iPhoneSimulator
		{874293F3-3954-472D-B09B-5B8BC3ECDF54}.Release|x86.Build.0 = Release|iPhoneSimulator
		{874293F3-3954-472D-B09B-5B8BC3ECDF54}.Release|x86.Deploy.0 = Release|iPhoneSimulator
		{9D40F5D2-24F6-4AB4-99D7-03A232F5CBCC}.Debug|Any CPU.ActiveCfg = Debug|Any CPU
		{9D40F5D2-24F6-4AB4-99D7-03A232F5CBCC}.Debug|Any CPU.Build.0 = Debug|Any CPU
		{9D40F5D2-24F6-4AB4-99D7-03A232F5CBCC}.Debug|Any CPU.Deploy.0 = Debug|Any CPU
		{9D40F5D2-24F6-4AB4-99D7-03A232F5CBCC}.Debug|ARM.ActiveCfg = Debug|Any CPU
		{9D40F5D2-24F6-4AB4-99D7-03A232F5CBCC}.Debug|ARM.Build.0 = Debug|Any CPU
		{9D40F5D2-24F6-4AB4-99D7-03A232F5CBCC}.Debug|ARM.Deploy.0 = Debug|Any CPU
		{9D40F5D2-24F6-4AB4-99D7-03A232F5CBCC}.Debug|iPhone.ActiveCfg = Debug|Any CPU
		{9D40F5D2-24F6-4AB4-99D7-03A232F5CBCC}.Debug|iPhone.Build.0 = Debug|Any CPU
		{9D40F5D2-24F6-4AB4-99D7-03A232F5CBCC}.Debug|iPhone.Deploy.0 = Debug|Any CPU
		{9D40F5D2-24F6-4AB4-99D7-03A232F5CBCC}.Debug|iPhoneSimulator.ActiveCfg = Debug|Any CPU
		{9D40F5D2-24F6-4AB4-99D7-03A232F5CBCC}.Debug|iPhoneSimulator.Build.0 = Debug|Any CPU
		{9D40F5D2-24F6-4AB4-99D7-03A232F5CBCC}.Debug|iPhoneSimulator.Deploy.0 = Debug|Any CPU
		{9D40F5D2-24F6-4AB4-99D7-03A232F5CBCC}.Debug|x64.ActiveCfg = Debug|Any CPU
		{9D40F5D2-24F6-4AB4-99D7-03A232F5CBCC}.Debug|x64.Build.0 = Debug|Any CPU
		{9D40F5D2-24F6-4AB4-99D7-03A232F5CBCC}.Debug|x64.Deploy.0 = Debug|Any CPU
		{9D40F5D2-24F6-4AB4-99D7-03A232F5CBCC}.Debug|x86.ActiveCfg = Debug|Any CPU
		{9D40F5D2-24F6-4AB4-99D7-03A232F5CBCC}.Debug|x86.Build.0 = Debug|Any CPU
		{9D40F5D2-24F6-4AB4-99D7-03A232F5CBCC}.Debug|x86.Deploy.0 = Debug|Any CPU
		{9D40F5D2-24F6-4AB4-99D7-03A232F5CBCC}.Release|Any CPU.ActiveCfg = Release|Any CPU
		{9D40F5D2-24F6-4AB4-99D7-03A232F5CBCC}.Release|Any CPU.Build.0 = Release|Any CPU
		{9D40F5D2-24F6-4AB4-99D7-03A232F5CBCC}.Release|Any CPU.Deploy.0 = Release|Any CPU
		{9D40F5D2-24F6-4AB4-99D7-03A232F5CBCC}.Release|ARM.ActiveCfg = Release|Any CPU
		{9D40F5D2-24F6-4AB4-99D7-03A232F5CBCC}.Release|ARM.Build.0 = Release|Any CPU
		{9D40F5D2-24F6-4AB4-99D7-03A232F5CBCC}.Release|ARM.Deploy.0 = Release|Any CPU
		{9D40F5D2-24F6-4AB4-99D7-03A232F5CBCC}.Release|iPhone.ActiveCfg = Release|Any CPU
		{9D40F5D2-24F6-4AB4-99D7-03A232F5CBCC}.Release|iPhone.Build.0 = Release|Any CPU
		{9D40F5D2-24F6-4AB4-99D7-03A232F5CBCC}.Release|iPhone.Deploy.0 = Release|Any CPU
		{9D40F5D2-24F6-4AB4-99D7-03A232F5CBCC}.Release|iPhoneSimulator.ActiveCfg = Release|Any CPU
		{9D40F5D2-24F6-4AB4-99D7-03A232F5CBCC}.Release|iPhoneSimulator.Build.0 = Release|Any CPU
		{9D40F5D2-24F6-4AB4-99D7-03A232F5CBCC}.Release|iPhoneSimulator.Deploy.0 = Release|Any CPU
		{9D40F5D2-24F6-4AB4-99D7-03A232F5CBCC}.Release|x64.ActiveCfg = Release|Any CPU
		{9D40F5D2-24F6-4AB4-99D7-03A232F5CBCC}.Release|x64.Build.0 = Release|Any CPU
		{9D40F5D2-24F6-4AB4-99D7-03A232F5CBCC}.Release|x64.Deploy.0 = Release|Any CPU
		{9D40F5D2-24F6-4AB4-99D7-03A232F5CBCC}.Release|x86.ActiveCfg = Release|Any CPU
		{9D40F5D2-24F6-4AB4-99D7-03A232F5CBCC}.Release|x86.Build.0 = Release|Any CPU
		{9D40F5D2-24F6-4AB4-99D7-03A232F5CBCC}.Release|x86.Deploy.0 = Release|Any CPU
	EndGlobalSection
	GlobalSection(SolutionProperties) = preSolution
		HideSolutionNode = FALSE
	EndGlobalSection
	GlobalSection(ExtensibilityGlobals) = postSolution
		SolutionGuid = {CCCEFBFA-15AC-4911-9D19-C0B7BA80D283}
	EndGlobalSection
EndGlobal
